// !$*UTF8*$!
{
	archiveVersion = 1;
	classes = {
	};
	objectVersion = 46;
	objects = {

/* Begin PBXBuildFile section */
		0B16FB7C1BD08EDD007644F5 /* download.png in Resources */ = {isa = PBXBuildFile; fileRef = 0B16FB761BD08EDD007644F5 /* download.png */; settings = {ASSET_TAGS = (); }; };
		0B16FB7D1BD08EDD007644F5 /* download@2x.png in Resources */ = {isa = PBXBuildFile; fileRef = 0B16FB771BD08EDD007644F5 /* download@2x.png */; settings = {ASSET_TAGS = (); }; };
		0B16FB7E1BD08EDD007644F5 /* download@3x.png in Resources */ = {isa = PBXBuildFile; fileRef = 0B16FB781BD08EDD007644F5 /* download@3x.png */; settings = {ASSET_TAGS = (); }; };
		0B16FB851BD0965C007644F5 /* history.png in Resources */ = {isa = PBXBuildFile; fileRef = 0B16FB821BD0965C007644F5 /* history.png */; settings = {ASSET_TAGS = (); }; };
		0B16FB861BD0965C007644F5 /* history@2x.png in Resources */ = {isa = PBXBuildFile; fileRef = 0B16FB831BD0965C007644F5 /* history@2x.png */; settings = {ASSET_TAGS = (); }; };
		0B16FB871BD0965C007644F5 /* history@3x.png in Resources */ = {isa = PBXBuildFile; fileRef = 0B16FB841BD0965C007644F5 /* history@3x.png */; settings = {ASSET_TAGS = (); }; };
		0B16FB8B1BD09A2E007644F5 /* search-icon.png in Resources */ = {isa = PBXBuildFile; fileRef = 0B16FB881BD09A2E007644F5 /* search-icon.png */; settings = {ASSET_TAGS = (); }; };
		0B16FB8C1BD09A2E007644F5 /* search-icon@2x.png in Resources */ = {isa = PBXBuildFile; fileRef = 0B16FB891BD09A2E007644F5 /* search-icon@2x.png */; settings = {ASSET_TAGS = (); }; };
		0B16FB8D1BD09A2E007644F5 /* search-icon@3x.png in Resources */ = {isa = PBXBuildFile; fileRef = 0B16FB8A1BD09A2E007644F5 /* search-icon@3x.png */; settings = {ASSET_TAGS = (); }; };
		0B16FB911BD0A200007644F5 /* VTSearchViewController.m in Sources */ = {isa = PBXBuildFile; fileRef = 0B16FB901BD0A200007644F5 /* VTSearchViewController.m */; settings = {ASSET_TAGS = (); }; };
		0B16FB951BD0C42F007644F5 /* backt.png in Resources */ = {isa = PBXBuildFile; fileRef = 0B16FB921BD0C42F007644F5 /* backt.png */; settings = {ASSET_TAGS = (); }; };
		0B16FB961BD0C42F007644F5 /* backt@2x.png in Resources */ = {isa = PBXBuildFile; fileRef = 0B16FB931BD0C42F007644F5 /* backt@2x.png */; settings = {ASSET_TAGS = (); }; };
		0B16FB971BD0C42F007644F5 /* backt@3x.png in Resources */ = {isa = PBXBuildFile; fileRef = 0B16FB941BD0C42F007644F5 /* backt@3x.png */; settings = {ASSET_TAGS = (); }; };
		0B17BBBE1BCFA371001A6781 /* VTChannelsTableViewController.m in Sources */ = {isa = PBXBuildFile; fileRef = 0B17BBB71BCFA371001A6781 /* VTChannelsTableViewController.m */; settings = {ASSET_TAGS = (); }; };
		0B17BBBF1BCFA371001A6781 /* VTDiscoverViewController.m in Sources */ = {isa = PBXBuildFile; fileRef = 0B17BBB91BCFA371001A6781 /* VTDiscoverViewController.m */; settings = {ASSET_TAGS = (); }; };
		0B17BBC01BCFA371001A6781 /* VTHomeViewController.m in Sources */ = {isa = PBXBuildFile; fileRef = 0B17BBBB1BCFA371001A6781 /* VTHomeViewController.m */; settings = {ASSET_TAGS = (); }; };
		0B17BBC11BCFA371001A6781 /* VTMineTableViewController.m in Sources */ = {isa = PBXBuildFile; fileRef = 0B17BBBD1BCFA371001A6781 /* VTMineTableViewController.m */; settings = {ASSET_TAGS = (); }; };
		0B17BBCE1BCFA9D3001A6781 /* home_nav_bg.png in Resources */ = {isa = PBXBuildFile; fileRef = 0B17BBCD1BCFA9D3001A6781 /* home_nav_bg.png */; settings = {ASSET_TAGS = (); }; };
		0BB0381E1BCF88D000F95A37 /* w1.png in Resources */ = {isa = PBXBuildFile; fileRef = 0BB038121BCF88D000F95A37 /* w1.png */; settings = {ASSET_TAGS = (); }; };
		0BB0381F1BCF88D000F95A37 /* w1@2x.png in Resources */ = {isa = PBXBuildFile; fileRef = 0BB038131BCF88D000F95A37 /* w1@2x.png */; settings = {ASSET_TAGS = (); }; };
		0BB038201BCF88D000F95A37 /* w1@3x.png in Resources */ = {isa = PBXBuildFile; fileRef = 0BB038141BCF88D000F95A37 /* w1@3x.png */; settings = {ASSET_TAGS = (); }; };
		0BB038211BCF88D000F95A37 /* w2.png in Resources */ = {isa = PBXBuildFile; fileRef = 0BB038151BCF88D000F95A37 /* w2.png */; settings = {ASSET_TAGS = (); }; };
		0BB038221BCF88D000F95A37 /* w2@2x.png in Resources */ = {isa = PBXBuildFile; fileRef = 0BB038161BCF88D000F95A37 /* w2@2x.png */; settings = {ASSET_TAGS = (); }; };
		0BB038231BCF88D000F95A37 /* w2@3x.png in Resources */ = {isa = PBXBuildFile; fileRef = 0BB038171BCF88D000F95A37 /* w2@3x.png */; settings = {ASSET_TAGS = (); }; };
		0BB038241BCF88D000F95A37 /* w3.png in Resources */ = {isa = PBXBuildFile; fileRef = 0BB038181BCF88D000F95A37 /* w3.png */; settings = {ASSET_TAGS = (); }; };
		0BB038251BCF88D000F95A37 /* w3@2x.png in Resources */ = {isa = PBXBuildFile; fileRef = 0BB038191BCF88D000F95A37 /* w3@2x.png */; settings = {ASSET_TAGS = (); }; };
		0BB038261BCF88D000F95A37 /* w3@3x.png in Resources */ = {isa = PBXBuildFile; fileRef = 0BB0381A1BCF88D000F95A37 /* w3@3x.png */; settings = {ASSET_TAGS = (); }; };
		0BB038271BCF88D000F95A37 /* w4.png in Resources */ = {isa = PBXBuildFile; fileRef = 0BB0381B1BCF88D000F95A37 /* w4.png */; settings = {ASSET_TAGS = (); }; };
		0BB038281BCF88D000F95A37 /* w4@2x.png in Resources */ = {isa = PBXBuildFile; fileRef = 0BB0381C1BCF88D000F95A37 /* w4@2x.png */; settings = {ASSET_TAGS = (); }; };
		0BB038291BCF88D000F95A37 /* w4@3x.png in Resources */ = {isa = PBXBuildFile; fileRef = 0BB0381D1BCF88D000F95A37 /* w4@3x.png */; settings = {ASSET_TAGS = (); }; };
		0BB038431BCF960600F95A37 /* tabbar1.png in Resources */ = {isa = PBXBuildFile; fileRef = 0BB0382B1BCF960600F95A37 /* tabbar1.png */; settings = {ASSET_TAGS = (); }; };
		0BB038441BCF960600F95A37 /* tabbar1@2x.png in Resources */ = {isa = PBXBuildFile; fileRef = 0BB0382C1BCF960600F95A37 /* tabbar1@2x.png */; settings = {ASSET_TAGS = (); }; };
		0BB038451BCF960600F95A37 /* tabbar1@3x.png in Resources */ = {isa = PBXBuildFile; fileRef = 0BB0382D1BCF960600F95A37 /* tabbar1@3x.png */; settings = {ASSET_TAGS = (); }; };
		0BB038461BCF960600F95A37 /* tabbar2.png in Resources */ = {isa = PBXBuildFile; fileRef = 0BB0382E1BCF960600F95A37 /* tabbar2.png */; settings = {ASSET_TAGS = (); }; };
		0BB038471BCF960600F95A37 /* tabbar2@2x.png in Resources */ = {isa = PBXBuildFile; fileRef = 0BB0382F1BCF960600F95A37 /* tabbar2@2x.png */; settings = {ASSET_TAGS = (); }; };
		0BB038481BCF960600F95A37 /* tabbar2@3x.png in Resources */ = {isa = PBXBuildFile; fileRef = 0BB038301BCF960600F95A37 /* tabbar2@3x.png */; settings = {ASSET_TAGS = (); }; };
		0BB038491BCF960600F95A37 /* tabbar3.png in Resources */ = {isa = PBXBuildFile; fileRef = 0BB038311BCF960600F95A37 /* tabbar3.png */; settings = {ASSET_TAGS = (); }; };
		0BB0384A1BCF960600F95A37 /* tabbar3@2x.png in Resources */ = {isa = PBXBuildFile; fileRef = 0BB038321BCF960600F95A37 /* tabbar3@2x.png */; settings = {ASSET_TAGS = (); }; };
		0BB0384B1BCF960600F95A37 /* tabbar3@3x.png in Resources */ = {isa = PBXBuildFile; fileRef = 0BB038331BCF960600F95A37 /* tabbar3@3x.png */; settings = {ASSET_TAGS = (); }; };
		0BB0384C1BCF960600F95A37 /* tabbar4.png in Resources */ = {isa = PBXBuildFile; fileRef = 0BB038341BCF960600F95A37 /* tabbar4.png */; settings = {ASSET_TAGS = (); }; };
		0BB0384D1BCF960600F95A37 /* tabbar4@2x.png in Resources */ = {isa = PBXBuildFile; fileRef = 0BB038351BCF960600F95A37 /* tabbar4@2x.png */; settings = {ASSET_TAGS = (); }; };
		0BB0384E1BCF960600F95A37 /* tabbar4@3x.png in Resources */ = {isa = PBXBuildFile; fileRef = 0BB038361BCF960600F95A37 /* tabbar4@3x.png */; settings = {ASSET_TAGS = (); }; };
		0BB0384F1BCF960600F95A37 /* tabbaract1.png in Resources */ = {isa = PBXBuildFile; fileRef = 0BB038371BCF960600F95A37 /* tabbaract1.png */; settings = {ASSET_TAGS = (); }; };
		0BB038501BCF960600F95A37 /* tabbaract1@2x.png in Resources */ = {isa = PBXBuildFile; fileRef = 0BB038381BCF960600F95A37 /* tabbaract1@2x.png */; settings = {ASSET_TAGS = (); }; };
		0BB038511BCF960600F95A37 /* tabbaract1@3x.png in Resources */ = {isa = PBXBuildFile; fileRef = 0BB038391BCF960600F95A37 /* tabbaract1@3x.png */; settings = {ASSET_TAGS = (); }; };
		0BB038521BCF960600F95A37 /* tabbaract2.png in Resources */ = {isa = PBXBuildFile; fileRef = 0BB0383A1BCF960600F95A37 /* tabbaract2.png */; settings = {ASSET_TAGS = (); }; };
		0BB038531BCF960600F95A37 /* tabbaract2@2x.png in Resources */ = {isa = PBXBuildFile; fileRef = 0BB0383B1BCF960600F95A37 /* tabbaract2@2x.png */; settings = {ASSET_TAGS = (); }; };
		0BB038541BCF960600F95A37 /* tabbaract2@3x.png in Resources */ = {isa = PBXBuildFile; fileRef = 0BB0383C1BCF960600F95A37 /* tabbaract2@3x.png */; settings = {ASSET_TAGS = (); }; };
		0BB038551BCF960600F95A37 /* tabbaract3.png in Resources */ = {isa = PBXBuildFile; fileRef = 0BB0383D1BCF960600F95A37 /* tabbaract3.png */; settings = {ASSET_TAGS = (); }; };
		0BB038561BCF960600F95A37 /* tabbaract3@2x.png in Resources */ = {isa = PBXBuildFile; fileRef = 0BB0383E1BCF960600F95A37 /* tabbaract3@2x.png */; settings = {ASSET_TAGS = (); }; };
		0BB038571BCF960600F95A37 /* tabbaract3@3x.png in Resources */ = {isa = PBXBuildFile; fileRef = 0BB0383F1BCF960600F95A37 /* tabbaract3@3x.png */; settings = {ASSET_TAGS = (); }; };
		0BB038581BCF960600F95A37 /* tabbaract4.png in Resources */ = {isa = PBXBuildFile; fileRef = 0BB038401BCF960600F95A37 /* tabbaract4.png */; settings = {ASSET_TAGS = (); }; };
		0BB038591BCF960600F95A37 /* tabbaract4@2x.png in Resources */ = {isa = PBXBuildFile; fileRef = 0BB038411BCF960600F95A37 /* tabbaract4@2x.png */; settings = {ASSET_TAGS = (); }; };
		0BB0385A1BCF960600F95A37 /* tabbaract4@3x.png in Resources */ = {isa = PBXBuildFile; fileRef = 0BB038421BCF960600F95A37 /* tabbaract4@3x.png */; settings = {ASSET_TAGS = (); }; };
		176145F71BCBA89B00DB7019 /* VTUser.m in Sources */ = {isa = PBXBuildFile; fileRef = 176145F61BCBA89B00DB7019 /* VTUser.m */; settings = {ASSET_TAGS = (); }; };
		176146041BCBADED00DB7019 /* VTWelcomeViewController.m in Sources */ = {isa = PBXBuildFile; fileRef = 176146031BCBADED00DB7019 /* VTWelcomeViewController.m */; settings = {ASSET_TAGS = (); }; };
		176146201BCBB53B00DB7019 /* VTMainTabBarController.m in Sources */ = {isa = PBXBuildFile; fileRef = 1761461F1BCBB53B00DB7019 /* VTMainTabBarController.m */; settings = {ASSET_TAGS = (); }; };
		17EE8C1B1BCA60910062C64E /* main.m in Sources */ = {isa = PBXBuildFile; fileRef = 17EE8C1A1BCA60910062C64E /* main.m */; };
		17EE8C1E1BCA60920062C64E /* AppDelegate.m in Sources */ = {isa = PBXBuildFile; fileRef = 17EE8C1D1BCA60920062C64E /* AppDelegate.m */; };
		17EE8C241BCA60920062C64E /* Main.storyboard in Resources */ = {isa = PBXBuildFile; fileRef = 17EE8C221BCA60920062C64E /* Main.storyboard */; };
		17EE8C271BCA60920062C64E /* VTClient.xcdatamodeld in Sources */ = {isa = PBXBuildFile; fileRef = 17EE8C251BCA60920062C64E /* VTClient.xcdatamodeld */; };
		17EE8C291BCA60920062C64E /* Assets.xcassets in Resources */ = {isa = PBXBuildFile; fileRef = 17EE8C281BCA60920062C64E /* Assets.xcassets */; };
		17EE8C2C1BCA60920062C64E /* LaunchScreen.storyboard in Resources */ = {isa = PBXBuildFile; fileRef = 17EE8C2A1BCA60920062C64E /* LaunchScreen.storyboard */; };
/* End PBXBuildFile section */

/* Begin PBXFileReference section */
		0B16FB761BD08EDD007644F5 /* download.png */ = {isa = PBXFileReference; lastKnownFileType = image.png; path = download.png; sourceTree = "<group>"; };
		0B16FB771BD08EDD007644F5 /* download@2x.png */ = {isa = PBXFileReference; lastKnownFileType = image.png; path = "download@2x.png"; sourceTree = "<group>"; };
		0B16FB781BD08EDD007644F5 /* download@3x.png */ = {isa = PBXFileReference; lastKnownFileType = image.png; path = "download@3x.png"; sourceTree = "<group>"; };
		0B16FB821BD0965C007644F5 /* history.png */ = {isa = PBXFileReference; lastKnownFileType = image.png; path = history.png; sourceTree = "<group>"; };
		0B16FB831BD0965C007644F5 /* history@2x.png */ = {isa = PBXFileReference; lastKnownFileType = image.png; path = "history@2x.png"; sourceTree = "<group>"; };
		0B16FB841BD0965C007644F5 /* history@3x.png */ = {isa = PBXFileReference; lastKnownFileType = image.png; path = "history@3x.png"; sourceTree = "<group>"; };
		0B16FB881BD09A2E007644F5 /* search-icon.png */ = {isa = PBXFileReference; lastKnownFileType = image.png; path = "search-icon.png"; sourceTree = "<group>"; };
		0B16FB891BD09A2E007644F5 /* search-icon@2x.png */ = {isa = PBXFileReference; lastKnownFileType = image.png; path = "search-icon@2x.png"; sourceTree = "<group>"; };
		0B16FB8A1BD09A2E007644F5 /* search-icon@3x.png */ = {isa = PBXFileReference; lastKnownFileType = image.png; path = "search-icon@3x.png"; sourceTree = "<group>"; };
		0B16FB8F1BD0A200007644F5 /* VTSearchViewController.h */ = {isa = PBXFileReference; fileEncoding = 4; lastKnownFileType = sourcecode.c.h; name = VTSearchViewController.h; path = "Controllers/Second Level Controllers/VTSearchViewController.h"; sourceTree = "<group>"; };
		0B16FB901BD0A200007644F5 /* VTSearchViewController.m */ = {isa = PBXFileReference; fileEncoding = 4; lastKnownFileType = sourcecode.c.objc; name = VTSearchViewController.m; path = "Controllers/Second Level Controllers/VTSearchViewController.m"; sourceTree = "<group>"; };
		0B16FB921BD0C42F007644F5 /* backt.png */ = {isa = PBXFileReference; lastKnownFileType = image.png; path = backt.png; sourceTree = "<group>"; };
		0B16FB931BD0C42F007644F5 /* backt@2x.png */ = {isa = PBXFileReference; lastKnownFileType = image.png; path = "backt@2x.png"; sourceTree = "<group>"; };
		0B16FB941BD0C42F007644F5 /* backt@3x.png */ = {isa = PBXFileReference; lastKnownFileType = image.png; path = "backt@3x.png"; sourceTree = "<group>"; };
		0B17BBB61BCFA371001A6781 /* VTChannelsTableViewController.h */ = {isa = PBXFileReference; fileEncoding = 4; lastKnownFileType = sourcecode.c.h; path = VTChannelsTableViewController.h; sourceTree = "<group>"; };
		0B17BBB71BCFA371001A6781 /* VTChannelsTableViewController.m */ = {isa = PBXFileReference; fileEncoding = 4; lastKnownFileType = sourcecode.c.objc; path = VTChannelsTableViewController.m; sourceTree = "<group>"; };
		0B17BBB81BCFA371001A6781 /* VTDiscoverViewController.h */ = {isa = PBXFileReference; fileEncoding = 4; lastKnownFileType = sourcecode.c.h; path = VTDiscoverViewController.h; sourceTree = "<group>"; };
		0B17BBB91BCFA371001A6781 /* VTDiscoverViewController.m */ = {isa = PBXFileReference; fileEncoding = 4; lastKnownFileType = sourcecode.c.objc; path = VTDiscoverViewController.m; sourceTree = "<group>"; };
		0B17BBBA1BCFA371001A6781 /* VTHomeViewController.h */ = {isa = PBXFileReference; fileEncoding = 4; lastKnownFileType = sourcecode.c.h; path = VTHomeViewController.h; sourceTree = "<group>"; };
		0B17BBBB1BCFA371001A6781 /* VTHomeViewController.m */ = {isa = PBXFileReference; fileEncoding = 4; lastKnownFileType = sourcecode.c.objc; path = VTHomeViewController.m; sourceTree = "<group>"; };
		0B17BBBC1BCFA371001A6781 /* VTMineTableViewController.h */ = {isa = PBXFileReference; fileEncoding = 4; lastKnownFileType = sourcecode.c.h; path = VTMineTableViewController.h; sourceTree = "<group>"; };
		0B17BBBD1BCFA371001A6781 /* VTMineTableViewController.m */ = {isa = PBXFileReference; fileEncoding = 4; lastKnownFileType = sourcecode.c.objc; path = VTMineTableViewController.m; sourceTree = "<group>"; };
		0B17BBCD1BCFA9D3001A6781 /* home_nav_bg.png */ = {isa = PBXFileReference; lastKnownFileType = image.png; path = home_nav_bg.png; sourceTree = "<group>"; };
		0BB038121BCF88D000F95A37 /* w1.png */ = {isa = PBXFileReference; lastKnownFileType = image.png; path = w1.png; sourceTree = "<group>"; };
		0BB038131BCF88D000F95A37 /* w1@2x.png */ = {isa = PBXFileReference; lastKnownFileType = image.png; path = "w1@2x.png"; sourceTree = "<group>"; };
		0BB038141BCF88D000F95A37 /* w1@3x.png */ = {isa = PBXFileReference; lastKnownFileType = image.png; path = "w1@3x.png"; sourceTree = "<group>"; };
		0BB038151BCF88D000F95A37 /* w2.png */ = {isa = PBXFileReference; lastKnownFileType = image.png; path = w2.png; sourceTree = "<group>"; };
		0BB038161BCF88D000F95A37 /* w2@2x.png */ = {isa = PBXFileReference; lastKnownFileType = image.png; path = "w2@2x.png"; sourceTree = "<group>"; };
		0BB038171BCF88D000F95A37 /* w2@3x.png */ = {isa = PBXFileReference; lastKnownFileType = image.png; path = "w2@3x.png"; sourceTree = "<group>"; };
		0BB038181BCF88D000F95A37 /* w3.png */ = {isa = PBXFileReference; lastKnownFileType = image.png; path = w3.png; sourceTree = "<group>"; };
		0BB038191BCF88D000F95A37 /* w3@2x.png */ = {isa = PBXFileReference; lastKnownFileType = image.png; path = "w3@2x.png"; sourceTree = "<group>"; };
		0BB0381A1BCF88D000F95A37 /* w3@3x.png */ = {isa = PBXFileReference; lastKnownFileType = image.png; path = "w3@3x.png"; sourceTree = "<group>"; };
		0BB0381B1BCF88D000F95A37 /* w4.png */ = {isa = PBXFileReference; lastKnownFileType = image.png; path = w4.png; sourceTree = "<group>"; };
		0BB0381C1BCF88D000F95A37 /* w4@2x.png */ = {isa = PBXFileReference; lastKnownFileType = image.png; path = "w4@2x.png"; sourceTree = "<group>"; };
		0BB0381D1BCF88D000F95A37 /* w4@3x.png */ = {isa = PBXFileReference; lastKnownFileType = image.png; path = "w4@3x.png"; sourceTree = "<group>"; };
		0BB0382B1BCF960600F95A37 /* tabbar1.png */ = {isa = PBXFileReference; lastKnownFileType = image.png; path = tabbar1.png; sourceTree = "<group>"; };
		0BB0382C1BCF960600F95A37 /* tabbar1@2x.png */ = {isa = PBXFileReference; lastKnownFileType = image.png; path = "tabbar1@2x.png"; sourceTree = "<group>"; };
		0BB0382D1BCF960600F95A37 /* tabbar1@3x.png */ = {isa = PBXFileReference; lastKnownFileType = image.png; path = "tabbar1@3x.png"; sourceTree = "<group>"; };
		0BB0382E1BCF960600F95A37 /* tabbar2.png */ = {isa = PBXFileReference; lastKnownFileType = image.png; path = tabbar2.png; sourceTree = "<group>"; };
		0BB0382F1BCF960600F95A37 /* tabbar2@2x.png */ = {isa = PBXFileReference; lastKnownFileType = image.png; path = "tabbar2@2x.png"; sourceTree = "<group>"; };
		0BB038301BCF960600F95A37 /* tabbar2@3x.png */ = {isa = PBXFileReference; lastKnownFileType = image.png; path = "tabbar2@3x.png"; sourceTree = "<group>"; };
		0BB038311BCF960600F95A37 /* tabbar3.png */ = {isa = PBXFileReference; lastKnownFileType = image.png; path = tabbar3.png; sourceTree = "<group>"; };
		0BB038321BCF960600F95A37 /* tabbar3@2x.png */ = {isa = PBXFileReference; lastKnownFileType = image.png; path = "tabbar3@2x.png"; sourceTree = "<group>"; };
		0BB038331BCF960600F95A37 /* tabbar3@3x.png */ = {isa = PBXFileReference; lastKnownFileType = image.png; path = "tabbar3@3x.png"; sourceTree = "<group>"; };
		0BB038341BCF960600F95A37 /* tabbar4.png */ = {isa = PBXFileReference; lastKnownFileType = image.png; path = tabbar4.png; sourceTree = "<group>"; };
		0BB038351BCF960600F95A37 /* tabbar4@2x.png */ = {isa = PBXFileReference; lastKnownFileType = image.png; path = "tabbar4@2x.png"; sourceTree = "<group>"; };
		0BB038361BCF960600F95A37 /* tabbar4@3x.png */ = {isa = PBXFileReference; lastKnownFileType = image.png; path = "tabbar4@3x.png"; sourceTree = "<group>"; };
		0BB038371BCF960600F95A37 /* tabbaract1.png */ = {isa = PBXFileReference; lastKnownFileType = image.png; path = tabbaract1.png; sourceTree = "<group>"; };
		0BB038381BCF960600F95A37 /* tabbaract1@2x.png */ = {isa = PBXFileReference; lastKnownFileType = image.png; path = "tabbaract1@2x.png"; sourceTree = "<group>"; };
		0BB038391BCF960600F95A37 /* tabbaract1@3x.png */ = {isa = PBXFileReference; lastKnownFileType = image.png; path = "tabbaract1@3x.png"; sourceTree = "<group>"; };
		0BB0383A1BCF960600F95A37 /* tabbaract2.png */ = {isa = PBXFileReference; lastKnownFileType = image.png; path = tabbaract2.png; sourceTree = "<group>"; };
		0BB0383B1BCF960600F95A37 /* tabbaract2@2x.png */ = {isa = PBXFileReference; lastKnownFileType = image.png; path = "tabbaract2@2x.png"; sourceTree = "<group>"; };
		0BB0383C1BCF960600F95A37 /* tabbaract2@3x.png */ = {isa = PBXFileReference; lastKnownFileType = image.png; path = "tabbaract2@3x.png"; sourceTree = "<group>"; };
		0BB0383D1BCF960600F95A37 /* tabbaract3.png */ = {isa = PBXFileReference; lastKnownFileType = image.png; path = tabbaract3.png; sourceTree = "<group>"; };
		0BB0383E1BCF960600F95A37 /* tabbaract3@2x.png */ = {isa = PBXFileReference; lastKnownFileType = image.png; path = "tabbaract3@2x.png"; sourceTree = "<group>"; };
		0BB0383F1BCF960600F95A37 /* tabbaract3@3x.png */ = {isa = PBXFileReference; lastKnownFileType = image.png; path = "tabbaract3@3x.png"; sourceTree = "<group>"; };
		0BB038401BCF960600F95A37 /* tabbaract4.png */ = {isa = PBXFileReference; lastKnownFileType = image.png; path = tabbaract4.png; sourceTree = "<group>"; };
		0BB038411BCF960600F95A37 /* tabbaract4@2x.png */ = {isa = PBXFileReference; lastKnownFileType = image.png; path = "tabbaract4@2x.png"; sourceTree = "<group>"; };
		0BB038421BCF960600F95A37 /* tabbaract4@3x.png */ = {isa = PBXFileReference; lastKnownFileType = image.png; path = "tabbaract4@3x.png"; sourceTree = "<group>"; };
		176145F51BCBA89B00DB7019 /* VTUser.h */ = {isa = PBXFileReference; fileEncoding = 4; lastKnownFileType = sourcecode.c.h; name = VTUser.h; path = Models/VTUser.h; sourceTree = "<group>"; };
		176145F61BCBA89B00DB7019 /* VTUser.m */ = {isa = PBXFileReference; fileEncoding = 4; lastKnownFileType = sourcecode.c.objc; name = VTUser.m; path = Models/VTUser.m; sourceTree = "<group>"; };
		176146021BCBADED00DB7019 /* VTWelcomeViewController.h */ = {isa = PBXFileReference; fileEncoding = 4; lastKnownFileType = sourcecode.c.h; name = VTWelcomeViewController.h; path = Controllers/VTWelcomeViewController.h; sourceTree = "<group>"; };
		176146031BCBADED00DB7019 /* VTWelcomeViewController.m */ = {isa = PBXFileReference; fileEncoding = 4; lastKnownFileType = sourcecode.c.objc; name = VTWelcomeViewController.m; path = Controllers/VTWelcomeViewController.m; sourceTree = "<group>"; };
		1761461E1BCBB53B00DB7019 /* VTMainTabBarController.h */ = {isa = PBXFileReference; fileEncoding = 4; lastKnownFileType = sourcecode.c.h; name = VTMainTabBarController.h; path = Controllers/VTMainTabBarController.h; sourceTree = "<group>"; };
		1761461F1BCBB53B00DB7019 /* VTMainTabBarController.m */ = {isa = PBXFileReference; fileEncoding = 4; lastKnownFileType = sourcecode.c.objc; name = VTMainTabBarController.m; path = Controllers/VTMainTabBarController.m; sourceTree = "<group>"; };
		17EE8C161BCA60910062C64E /* VTClient.app */ = {isa = PBXFileReference; explicitFileType = wrapper.application; includeInIndex = 0; path = VTClient.app; sourceTree = BUILT_PRODUCTS_DIR; };
		17EE8C1A1BCA60910062C64E /* main.m */ = {isa = PBXFileReference; lastKnownFileType = sourcecode.c.objc; path = main.m; sourceTree = "<group>"; };
		17EE8C1C1BCA60910062C64E /* AppDelegate.h */ = {isa = PBXFileReference; lastKnownFileType = sourcecode.c.h; path = AppDelegate.h; sourceTree = "<group>"; };
		17EE8C1D1BCA60920062C64E /* AppDelegate.m */ = {isa = PBXFileReference; lastKnownFileType = sourcecode.c.objc; path = AppDelegate.m; sourceTree = "<group>"; };
		17EE8C231BCA60920062C64E /* Base */ = {isa = PBXFileReference; lastKnownFileType = file.storyboard; name = Base; path = Base.lproj/Main.storyboard; sourceTree = "<group>"; };
		17EE8C261BCA60920062C64E /* VTClient.xcdatamodel */ = {isa = PBXFileReference; lastKnownFileType = wrapper.xcdatamodel; path = VTClient.xcdatamodel; sourceTree = "<group>"; };
		17EE8C281BCA60920062C64E /* Assets.xcassets */ = {isa = PBXFileReference; lastKnownFileType = folder.assetcatalog; path = Assets.xcassets; sourceTree = "<group>"; };
		17EE8C2B1BCA60920062C64E /* Base */ = {isa = PBXFileReference; lastKnownFileType = file.storyboard; name = Base; path = Base.lproj/LaunchScreen.storyboard; sourceTree = "<group>"; };
		17EE8C2D1BCA60920062C64E /* Info.plist */ = {isa = PBXFileReference; lastKnownFileType = text.plist.xml; path = Info.plist; sourceTree = "<group>"; };
/* End PBXFileReference section */

/* Begin PBXFrameworksBuildPhase section */
		17EE8C131BCA60910062C64E /* Frameworks */ = {
			isa = PBXFrameworksBuildPhase;
			buildActionMask = 2147483647;
			files = (
			);
			runOnlyForDeploymentPostprocessing = 0;
		};
/* End PBXFrameworksBuildPhase section */

/* Begin PBXGroup section */
		0B16FB8E1BD0A12B007644F5 /* Second Level Controllers */ = {
			isa = PBXGroup;
			children = (
				0B16FB8F1BD0A200007644F5 /* VTSearchViewController.h */,
				0B16FB901BD0A200007644F5 /* VTSearchViewController.m */,
			);
			name = "Second Level Controllers";
			sourceTree = "<group>";
		};
		0B17BBB51BCFA371001A6781 /* Root Controllers */ = {
			isa = PBXGroup;
			children = (
				0B17BBB61BCFA371001A6781 /* VTChannelsTableViewController.h */,
				0B17BBB71BCFA371001A6781 /* VTChannelsTableViewController.m */,
				0B17BBB81BCFA371001A6781 /* VTDiscoverViewController.h */,
				0B17BBB91BCFA371001A6781 /* VTDiscoverViewController.m */,
				0B17BBBA1BCFA371001A6781 /* VTHomeViewController.h */,
				0B17BBBB1BCFA371001A6781 /* VTHomeViewController.m */,
				0B17BBBC1BCFA371001A6781 /* VTMineTableViewController.h */,
				0B17BBBD1BCFA371001A6781 /* VTMineTableViewController.m */,
			);
			name = "Root Controllers";
			path = "Controllers/Root Controllers";
			sourceTree = "<group>";
		};
		0B17BBCB1BCFA6DD001A6781 /* Views */ = {
			isa = PBXGroup;
			children = (
			);
			name = Views;
			sourceTree = "<group>";
		};
		0B17BBCC1BCFA9D3001A6781 /* Home */ = {
			isa = PBXGroup;
			children = (
				0B16FB921BD0C42F007644F5 /* backt.png */,
				0B16FB931BD0C42F007644F5 /* backt@2x.png */,
				0B16FB941BD0C42F007644F5 /* backt@3x.png */,
				0B16FB881BD09A2E007644F5 /* search-icon.png */,
				0B16FB891BD09A2E007644F5 /* search-icon@2x.png */,
				0B16FB8A1BD09A2E007644F5 /* search-icon@3x.png */,
				0B16FB821BD0965C007644F5 /* history.png */,
				0B16FB831BD0965C007644F5 /* history@2x.png */,
				0B16FB841BD0965C007644F5 /* history@3x.png */,
				0B16FB761BD08EDD007644F5 /* download.png */,
				0B16FB771BD08EDD007644F5 /* download@2x.png */,
				0B16FB781BD08EDD007644F5 /* download@3x.png */,
				0B17BBCD1BCFA9D3001A6781 /* home_nav_bg.png */,
			);
			path = Home;
			sourceTree = "<group>";
		};
		0BB038101BCF88D000F95A37 /* Images */ = {
			isa = PBXGroup;
			children = (
				0B17BBCC1BCFA9D3001A6781 /* Home */,
				0BB0382A1BCF960600F95A37 /* TabBar */,
				0BB038111BCF88D000F95A37 /* Welcome */,
			);
			path = Images;
			sourceTree = "<group>";
		};
		0BB038111BCF88D000F95A37 /* Welcome */ = {
			isa = PBXGroup;
			children = (
				0BB038121BCF88D000F95A37 /* w1.png */,
				0BB038131BCF88D000F95A37 /* w1@2x.png */,
				0BB038141BCF88D000F95A37 /* w1@3x.png */,
				0BB038151BCF88D000F95A37 /* w2.png */,
				0BB038161BCF88D000F95A37 /* w2@2x.png */,
				0BB038171BCF88D000F95A37 /* w2@3x.png */,
				0BB038181BCF88D000F95A37 /* w3.png */,
				0BB038191BCF88D000F95A37 /* w3@2x.png */,
				0BB0381A1BCF88D000F95A37 /* w3@3x.png */,
				0BB0381B1BCF88D000F95A37 /* w4.png */,
				0BB0381C1BCF88D000F95A37 /* w4@2x.png */,
				0BB0381D1BCF88D000F95A37 /* w4@3x.png */,
			);
			path = Welcome;
			sourceTree = "<group>";
		};
		0BB0382A1BCF960600F95A37 /* TabBar */ = {
			isa = PBXGroup;
			children = (
				0BB0382B1BCF960600F95A37 /* tabbar1.png */,
				0BB0382C1BCF960600F95A37 /* tabbar1@2x.png */,
				0BB0382D1BCF960600F95A37 /* tabbar1@3x.png */,
				0BB0382E1BCF960600F95A37 /* tabbar2.png */,
				0BB0382F1BCF960600F95A37 /* tabbar2@2x.png */,
				0BB038301BCF960600F95A37 /* tabbar2@3x.png */,
				0BB038311BCF960600F95A37 /* tabbar3.png */,
				0BB038321BCF960600F95A37 /* tabbar3@2x.png */,
				0BB038331BCF960600F95A37 /* tabbar3@3x.png */,
				0BB038341BCF960600F95A37 /* tabbar4.png */,
				0BB038351BCF960600F95A37 /* tabbar4@2x.png */,
				0BB038361BCF960600F95A37 /* tabbar4@3x.png */,
				0BB038371BCF960600F95A37 /* tabbaract1.png */,
				0BB038381BCF960600F95A37 /* tabbaract1@2x.png */,
				0BB038391BCF960600F95A37 /* tabbaract1@3x.png */,
				0BB0383A1BCF960600F95A37 /* tabbaract2.png */,
				0BB0383B1BCF960600F95A37 /* tabbaract2@2x.png */,
				0BB0383C1BCF960600F95A37 /* tabbaract2@3x.png */,
				0BB0383D1BCF960600F95A37 /* tabbaract3.png */,
				0BB0383E1BCF960600F95A37 /* tabbaract3@2x.png */,
				0BB0383F1BCF960600F95A37 /* tabbaract3@3x.png */,
				0BB038401BCF960600F95A37 /* tabbaract4.png */,
				0BB038411BCF960600F95A37 /* tabbaract4@2x.png */,
				0BB038421BCF960600F95A37 /* tabbaract4@3x.png */,
			);
			path = TabBar;
			sourceTree = "<group>";
		};
		176145F41BCBA86300DB7019 /* Models */ = {
			isa = PBXGroup;
			children = (
				176145F51BCBA89B00DB7019 /* VTUser.h */,
				176145F61BCBA89B00DB7019 /* VTUser.m */,
			);
			name = Models;
			sourceTree = "<group>";
		};
		176146011BCBADA000DB7019 /* Controllers */ = {
			isa = PBXGroup;
			children = (
				0B16FB8E1BD0A12B007644F5 /* Second Level Controllers */,
				0B17BBB51BCFA371001A6781 /* Root Controllers */,
				176146021BCBADED00DB7019 /* VTWelcomeViewController.h */,
				176146031BCBADED00DB7019 /* VTWelcomeViewController.m */,
				1761461E1BCBB53B00DB7019 /* VTMainTabBarController.h */,
				1761461F1BCBB53B00DB7019 /* VTMainTabBarController.m */,
			);
			name = Controllers;
			sourceTree = "<group>";
		};
		17EE8C0D1BCA60910062C64E = {
			isa = PBXGroup;
			children = (
				17EE8C181BCA60910062C64E /* VTClient */,
				17EE8C171BCA60910062C64E /* Products */,
			);
			sourceTree = "<group>";
		};
		17EE8C171BCA60910062C64E /* Products */ = {
			isa = PBXGroup;
			children = (
				17EE8C161BCA60910062C64E /* VTClient.app */,
			);
			name = Products;
			sourceTree = "<group>";
		};
		17EE8C181BCA60910062C64E /* VTClient */ = {
			isa = PBXGroup;
			children = (
				17EE8C1C1BCA60910062C64E /* AppDelegate.h */,
				17EE8C1D1BCA60920062C64E /* AppDelegate.m */,
				17EE8C221BCA60920062C64E /* Main.storyboard */,
				176145F41BCBA86300DB7019 /* Models */,
				0B17BBCB1BCFA6DD001A6781 /* Views */,
				176146011BCBADA000DB7019 /* Controllers */,
				17EE8C281BCA60920062C64E /* Assets.xcassets */,
				0BB038101BCF88D000F95A37 /* Images */,
				17EE8C2A1BCA60920062C64E /* LaunchScreen.storyboard */,
				17EE8C2D1BCA60920062C64E /* Info.plist */,
				17EE8C251BCA60920062C64E /* VTClient.xcdatamodeld */,
				17EE8C191BCA60910062C64E /* Supporting Files */,
			);
			path = VTClient;
			sourceTree = "<group>";
		};
		17EE8C191BCA60910062C64E /* Supporting Files */ = {
			isa = PBXGroup;
			children = (
				17EE8C1A1BCA60910062C64E /* main.m */,
			);
			name = "Supporting Files";
			sourceTree = "<group>";
		};
/* End PBXGroup section */

/* Begin PBXNativeTarget section */
		17EE8C151BCA60910062C64E /* VTClient */ = {
			isa = PBXNativeTarget;
			buildConfigurationList = 17EE8C301BCA60920062C64E /* Build configuration list for PBXNativeTarget "VTClient" */;
			buildPhases = (
				17EE8C121BCA60910062C64E /* Sources */,
				17EE8C131BCA60910062C64E /* Frameworks */,
				17EE8C141BCA60910062C64E /* Resources */,
			);
			buildRules = (
			);
			dependencies = (
			);
			name = VTClient;
			productName = VTClient;
			productReference = 17EE8C161BCA60910062C64E /* VTClient.app */;
			productType = "com.apple.product-type.application";
		};
/* End PBXNativeTarget section */

/* Begin PBXProject section */
		17EE8C0E1BCA60910062C64E /* Project object */ = {
			isa = PBXProject;
			attributes = {
				LastUpgradeCheck = 0700;
				ORGANIZATIONNAME = Test;
				TargetAttributes = {
					17EE8C151BCA60910062C64E = {
						CreatedOnToolsVersion = 7.0.1;
						DevelopmentTeam = Q65L69AJ6J;
					};
				};
			};
			buildConfigurationList = 17EE8C111BCA60910062C64E /* Build configuration list for PBXProject "VTClient" */;
			compatibilityVersion = "Xcode 3.2";
			developmentRegion = English;
			hasScannedForEncodings = 0;
			knownRegions = (
				en,
				Base,
			);
			mainGroup = 17EE8C0D1BCA60910062C64E;
			productRefGroup = 17EE8C171BCA60910062C64E /* Products */;
			projectDirPath = "";
			projectRoot = "";
			targets = (
				17EE8C151BCA60910062C64E /* VTClient */,
			);
		};
/* End PBXProject section */

/* Begin PBXResourcesBuildPhase section */
		17EE8C141BCA60910062C64E /* Resources */ = {
			isa = PBXResourcesBuildPhase;
			buildActionMask = 2147483647;
			files = (
				0BB038481BCF960600F95A37 /* tabbar2@3x.png in Resources */,
				0BB038501BCF960600F95A37 /* tabbaract1@2x.png in Resources */,
				0B16FB8D1BD09A2E007644F5 /* search-icon@3x.png in Resources */,
				0BB038571BCF960600F95A37 /* tabbaract3@3x.png in Resources */,
				0BB0384A1BCF960600F95A37 /* tabbar3@2x.png in Resources */,
				0B16FB7D1BD08EDD007644F5 /* download@2x.png in Resources */,
				0BB0384F1BCF960600F95A37 /* tabbaract1.png in Resources */,
				0B16FB951BD0C42F007644F5 /* backt.png in Resources */,
				0B16FB861BD0965C007644F5 /* history@2x.png in Resources */,
				0BB038531BCF960600F95A37 /* tabbaract2@2x.png in Resources */,
				0BB038271BCF88D000F95A37 /* w4.png in Resources */,
				0BB038471BCF960600F95A37 /* tabbar2@2x.png in Resources */,
				0BB038491BCF960600F95A37 /* tabbar3.png in Resources */,
				0B16FB8C1BD09A2E007644F5 /* search-icon@2x.png in Resources */,
				0BB038451BCF960600F95A37 /* tabbar1@3x.png in Resources */,
				0BB038231BCF88D000F95A37 /* w2@3x.png in Resources */,
				0BB0384C1BCF960600F95A37 /* tabbar4.png in Resources */,
				17EE8C2C1BCA60920062C64E /* LaunchScreen.storyboard in Resources */,
				0BB038291BCF88D000F95A37 /* w4@3x.png in Resources */,
				0BB038461BCF960600F95A37 /* tabbar2.png in Resources */,
				0BB0384D1BCF960600F95A37 /* tabbar4@2x.png in Resources */,
				0BB038281BCF88D000F95A37 /* w4@2x.png in Resources */,
				0BB038521BCF960600F95A37 /* tabbaract2.png in Resources */,
				0BB0384B1BCF960600F95A37 /* tabbar3@3x.png in Resources */,
				0B16FB7C1BD08EDD007644F5 /* download.png in Resources */,
				0BB0381E1BCF88D000F95A37 /* w1.png in Resources */,
				0BB038211BCF88D000F95A37 /* w2.png in Resources */,
				0BB038581BCF960600F95A37 /* tabbaract4.png in Resources */,
				0BB0384E1BCF960600F95A37 /* tabbar4@3x.png in Resources */,
				0BB038251BCF88D000F95A37 /* w3@2x.png in Resources */,
				0BB0385A1BCF960600F95A37 /* tabbaract4@3x.png in Resources */,
				0BB038441BCF960600F95A37 /* tabbar1@2x.png in Resources */,
				17EE8C291BCA60920062C64E /* Assets.xcassets in Resources */,
				0BB038591BCF960600F95A37 /* tabbaract4@2x.png in Resources */,
				0BB038241BCF88D000F95A37 /* w3.png in Resources */,
				0BB038201BCF88D000F95A37 /* w1@3x.png in Resources */,
				0BB038431BCF960600F95A37 /* tabbar1.png in Resources */,
				0BB0381F1BCF88D000F95A37 /* w1@2x.png in Resources */,
				0B16FB7E1BD08EDD007644F5 /* download@3x.png in Resources */,
				0B16FB971BD0C42F007644F5 /* backt@3x.png in Resources */,
				0BB038551BCF960600F95A37 /* tabbaract3.png in Resources */,
				0B16FB851BD0965C007644F5 /* history.png in Resources */,
				0B16FB871BD0965C007644F5 /* history@3x.png in Resources */,
				0BB038261BCF88D000F95A37 /* w3@3x.png in Resources */,
				0BB038541BCF960600F95A37 /* tabbaract2@3x.png in Resources */,
				0BB038561BCF960600F95A37 /* tabbaract3@2x.png in Resources */,
				0B16FB8B1BD09A2E007644F5 /* search-icon.png in Resources */,
				17EE8C241BCA60920062C64E /* Main.storyboard in Resources */,
				0BB038511BCF960600F95A37 /* tabbaract1@3x.png in Resources */,
				0BB038221BCF88D000F95A37 /* w2@2x.png in Resources */,
				0B17BBCE1BCFA9D3001A6781 /* home_nav_bg.png in Resources */,
				0B16FB961BD0C42F007644F5 /* backt@2x.png in Resources */,
			);
			runOnlyForDeploymentPostprocessing = 0;
		};
/* End PBXResourcesBuildPhase section */

/* Begin PBXSourcesBuildPhase section */
		17EE8C121BCA60910062C64E /* Sources */ = {
			isa = PBXSourcesBuildPhase;
			buildActionMask = 2147483647;
			files = (
				0B17BBBE1BCFA371001A6781 /* VTChannelsTableViewController.m in Sources */,
				176146201BCBB53B00DB7019 /* VTMainTabBarController.m in Sources */,
				0B17BBC01BCFA371001A6781 /* VTHomeViewController.m in Sources */,
				176146041BCBADED00DB7019 /* VTWelcomeViewController.m in Sources */,
				0B16FB911BD0A200007644F5 /* VTSearchViewController.m in Sources */,
				176145F71BCBA89B00DB7019 /* VTUser.m in Sources */,
				17EE8C1E1BCA60920062C64E /* AppDelegate.m in Sources */,
				0B17BBC11BCFA371001A6781 /* VTMineTableViewController.m in Sources */,
				0B17BBBF1BCFA371001A6781 /* VTDiscoverViewController.m in Sources */,
				17EE8C271BCA60920062C64E /* VTClient.xcdatamodeld in Sources */,
				17EE8C1B1BCA60910062C64E /* main.m in Sources */,
			);
			runOnlyForDeploymentPostprocessing = 0;
		};
/* End PBXSourcesBuildPhase section */

/* Begin PBXVariantGroup section */
		17EE8C221BCA60920062C64E /* Main.storyboard */ = {
			isa = PBXVariantGroup;
			children = (
				17EE8C231BCA60920062C64E /* Base */,
			);
			name = Main.storyboard;
			sourceTree = "<group>";
		};
		17EE8C2A1BCA60920062C64E /* LaunchScreen.storyboard */ = {
			isa = PBXVariantGroup;
			children = (
				17EE8C2B1BCA60920062C64E /* Base */,
			);
			name = LaunchScreen.storyboard;
			sourceTree = "<group>";
		};
/* End PBXVariantGroup section */

/* Begin XCBuildConfiguration section */
		17EE8C2E1BCA60920062C64E /* Debug */ = {
			isa = XCBuildConfiguration;
			buildSettings = {
				ALWAYS_SEARCH_USER_PATHS = NO;
				CLANG_CXX_LANGUAGE_STANDARD = "gnu++0x";
				CLANG_CXX_LIBRARY = "libc++";
				CLANG_ENABLE_MODULES = YES;
				CLANG_ENABLE_OBJC_ARC = YES;
				CLANG_WARN_BOOL_CONVERSION = YES;
				CLANG_WARN_CONSTANT_CONVERSION = YES;
				CLANG_WARN_DIRECT_OBJC_ISA_USAGE = YES_ERROR;
				CLANG_WARN_EMPTY_BODY = YES;
				CLANG_WARN_ENUM_CONVERSION = YES;
				CLANG_WARN_INT_CONVERSION = YES;
				CLANG_WARN_OBJC_ROOT_CLASS = YES_ERROR;
				CLANG_WARN_UNREACHABLE_CODE = YES;
				CLANG_WARN__DUPLICATE_METHOD_MATCH = YES;
				"CODE_SIGN_IDENTITY[sdk=iphoneos*]" = "iPhone Developer";
				COPY_PHASE_STRIP = NO;
				DEBUG_INFORMATION_FORMAT = dwarf;
				ENABLE_STRICT_OBJC_MSGSEND = YES;
				ENABLE_TESTABILITY = YES;
				GCC_C_LANGUAGE_STANDARD = gnu99;
				GCC_DYNAMIC_NO_PIC = NO;
				GCC_NO_COMMON_BLOCKS = YES;
				GCC_OPTIMIZATION_LEVEL = 0;
				GCC_PREPROCESSOR_DEFINITIONS = (
					"DEBUG=1",
					"$(inherited)",
				);
				GCC_WARN_64_TO_32_BIT_CONVERSION = YES;
				GCC_WARN_ABOUT_RETURN_TYPE = YES_ERROR;
				GCC_WARN_UNDECLARED_SELECTOR = YES;
				GCC_WARN_UNINITIALIZED_AUTOS = YES_AGGRESSIVE;
				GCC_WARN_UNUSED_FUNCTION = YES;
				GCC_WARN_UNUSED_VARIABLE = YES;
				IPHONEOS_DEPLOYMENT_TARGET = 9.0;
				MTL_ENABLE_DEBUG_INFO = YES;
				ONLY_ACTIVE_ARCH = YES;
				SDKROOT = iphoneos;
			};
			name = Debug;
		};
		17EE8C2F1BCA60920062C64E /* Release */ = {
			isa = XCBuildConfiguration;
			buildSettings = {
				ALWAYS_SEARCH_USER_PATHS = NO;
				CLANG_CXX_LANGUAGE_STANDARD = "gnu++0x";
				CLANG_CXX_LIBRARY = "libc++";
				CLANG_ENABLE_MODULES = YES;
				CLANG_ENABLE_OBJC_ARC = YES;
				CLANG_WARN_BOOL_CONVERSION = YES;
				CLANG_WARN_CONSTANT_CONVERSION = YES;
				CLANG_WARN_DIRECT_OBJC_ISA_USAGE = YES_ERROR;
				CLANG_WARN_EMPTY_BODY = YES;
				CLANG_WARN_ENUM_CONVERSION = YES;
				CLANG_WARN_INT_CONVERSION = YES;
				CLANG_WARN_OBJC_ROOT_CLASS = YES_ERROR;
				CLANG_WARN_UNREACHABLE_CODE = YES;
				CLANG_WARN__DUPLICATE_METHOD_MATCH = YES;
				"CODE_SIGN_IDENTITY[sdk=iphoneos*]" = "iPhone Developer";
				COPY_PHASE_STRIP = NO;
				DEBUG_INFORMATION_FORMAT = "dwarf-with-dsym";
				ENABLE_NS_ASSERTIONS = NO;
				ENABLE_STRICT_OBJC_MSGSEND = YES;
				GCC_C_LANGUAGE_STANDARD = gnu99;
				GCC_NO_COMMON_BLOCKS = YES;
				GCC_WARN_64_TO_32_BIT_CONVERSION = YES;
				GCC_WARN_ABOUT_RETURN_TYPE = YES_ERROR;
				GCC_WARN_UNDECLARED_SELECTOR = YES;
				GCC_WARN_UNINITIALIZED_AUTOS = YES_AGGRESSIVE;
				GCC_WARN_UNUSED_FUNCTION = YES;
				GCC_WARN_UNUSED_VARIABLE = YES;
				IPHONEOS_DEPLOYMENT_TARGET = 9.0;
				MTL_ENABLE_DEBUG_INFO = NO;
				SDKROOT = iphoneos;
				VALIDATE_PRODUCT = YES;
			};
			name = Release;
		};
		17EE8C311BCA60920062C64E /* Debug */ = {
			isa = XCBuildConfiguration;
			buildSettings = {
				ASSETCATALOG_COMPILER_APPICON_NAME = AppIcon;
				CODE_SIGN_IDENTITY = "iPhone Developer";
				INFOPLIST_FILE = VTClient/Info.plist;
				IPHONEOS_DEPLOYMENT_TARGET = 8.1;
				LD_RUNPATH_SEARCH_PATHS = "$(inherited) @executable_path/Frameworks";
				PRODUCT_BUNDLE_IDENTIFIER = Test.VTClient;
				PRODUCT_NAME = "$(TARGET_NAME)";
			};
			name = Debug;
		};
		17EE8C321BCA60920062C64E /* Release */ = {
			isa = XCBuildConfiguration;
			buildSettings = {
				ASSETCATALOG_COMPILER_APPICON_NAME = AppIcon;
				CODE_SIGN_IDENTITY = "iPhone Developer";
				INFOPLIST_FILE = VTClient/Info.plist;
				IPHONEOS_DEPLOYMENT_TARGET = 8.1;
				LD_RUNPATH_SEARCH_PATHS = "$(inherited) @executable_path/Frameworks";
				PRODUCT_BUNDLE_IDENTIFIER = Test.VTClient;
				PRODUCT_NAME = "$(TARGET_NAME)";
			};
			name = Release;
		};
/* End XCBuildConfiguration section */

/* Begin XCConfigurationList section */
		17EE8C111BCA60910062C64E /* Build configuration list for PBXProject "VTClient" */ = {
			isa = XCConfigurationList;
			buildConfigurations = (
				17EE8C2E1BCA60920062C64E /* Debug */,
				17EE8C2F1BCA60920062C64E /* Release */,
			);
			defaultConfigurationIsVisible = 0;
			defaultConfigurationName = Release;
		};
		17EE8C301BCA60920062C64E /* Build configuration list for PBXNativeTarget "VTClient" */ = {
			isa = XCConfigurationList;
			buildConfigurations = (
				17EE8C311BCA60920062C64E /* Debug */,
				17EE8C321BCA60920062C64E /* Release */,
			);
			defaultConfigurationIsVisible = 0;
			defaultConfigurationName = Release;
		};
/* End XCConfigurationList section */

/* Begin XCVersionGroup section */
		17EE8C251BCA60920062C64E /* VTClient.xcdatamodeld */ = {
			isa = XCVersionGroup;
			children = (
				17EE8C261BCA60920062C64E /* VTClient.xcdatamodel */,
			);
			currentVersion = 17EE8C261BCA60920062C64E /* VTClient.xcdatamodel */;
			path = VTClient.xcdatamodeld;
			sourceTree = "<group>";
			versionGroupType = wrapper.xcdatamodel;
		};
/* End XCVersionGroup section */
	};
	rootObject = 17EE8C0E1BCA60910062C64E /* Project object */;
}
